
Microsoft Visual Studio Solution File, Format Version 12.00
# Visual Studio Version 17
VisualStudioVersion = 17.1.32414.318
MinimumVisualStudioVersion = 10.0.40219.1
Project("{FAE04EC0-301F-11D3-BF4B-00C04F79EFBC}") = "School", "School\School.csproj", "{A47BF313-1707-4197-B947-BB5630FCA23E}"
EndProject
Global
	GlobalSection(SolutionConfigurationPlatforms) = preSolution
		Debug|Any CPU = Debug|Any CPU
		Release|Any CPU = Release|Any CPU
	EndGlobalSection
	GlobalSection(ProjectConfigurationPlatforms) = postSolution
		{A47BF313-1707-4197-B947-BB5630FCA23E}.Debug|Any CPU.ActiveCfg = Debug|Any CPU
		{A47BF313-1707-4197-B947-BB5630FCA23E}.Debug|Any CPU.Build.0 = Debug|Any CPU
		{A47BF313-1707-4197-B947-BB5630FCA23E}.Release|Any CPU.ActiveCfg = Release|Any CPU
		{A47BF313-1707-4197-B947-BB5630FCA23E}.Release|Any CPU.Build.0 = Release|Any CPU
	EndGlobalSection
	GlobalSection(SolutionProperties) = preSolution
		HideSolutionNode = FALSE
	EndGlobalSection
	GlobalSection(ExtensibilityGlobals) = postSolution
		SolutionGuid = {ED467030-3C92-4AF9-98A5-85465A96F0A0}
	EndGlobalSection
EndGlobal
